// !$*UTF8*$!
{
	archiveVersion = 1;
	classes = {
	};
	objectVersion = 56;
	objects = {

/* Begin PBXBuildFile section */
		190183822BF26BAE000D954A /* .gitignore in Resources */ = {isa = PBXBuildFile; fileRef = 190183812BF26BAE000D954A /* .gitignore */; };
		190183842BF26BBE000D954A /* LICENSE in Resources */ = {isa = PBXBuildFile; fileRef = 190183832BF26BBE000D954A /* LICENSE */; };
		190183862BF26BCC000D954A /* README.md in Resources */ = {isa = PBXBuildFile; fileRef = 190183852BF26BCC000D954A /* README.md */; };
		1901838C2BF2BC07000D954A /* FavoritesView.swift in Sources */ = {isa = PBXBuildFile; fileRef = 1901838B2BF2BC07000D954A /* FavoritesView.swift */; };
		1901838E2BF2BC1E000D954A /* WatchedView.swift in Sources */ = {isa = PBXBuildFile; fileRef = 1901838D2BF2BC1E000D954A /* WatchedView.swift */; };
		192DFA882C0A09FB005CCCC9 /* MovieService.swift in Sources */ = {isa = PBXBuildFile; fileRef = 192DFA872C0A09FB005CCCC9 /* MovieService.swift */; };
		192DFA8A2C0A0AB0005CCCC9 /* MovieStore.swift in Sources */ = {isa = PBXBuildFile; fileRef = 192DFA892C0A0AB0005CCCC9 /* MovieStore.swift */; };
		192DFA8C2C0A0ADF005CCCC9 /* Utils.swift in Sources */ = {isa = PBXBuildFile; fileRef = 192DFA8B2C0A0ADF005CCCC9 /* Utils.swift */; };
		192DFA912C0A0CFC005CCCC9 /* movie_list.json in Resources */ = {isa = PBXBuildFile; fileRef = 192DFA8E2C0A0CFC005CCCC9 /* movie_list.json */; };
		192DFA922C0A0CFC005CCCC9 /* search_movie.json in Resources */ = {isa = PBXBuildFile; fileRef = 192DFA8F2C0A0CFC005CCCC9 /* search_movie.json */; };
		192DFA932C0A0CFC005CCCC9 /* movie_info.json in Resources */ = {isa = PBXBuildFile; fileRef = 192DFA902C0A0CFC005CCCC9 /* movie_info.json */; };
		192DFA952C0A0D48005CCCC9 /* Extentions.swift in Sources */ = {isa = PBXBuildFile; fileRef = 192DFA942C0A0D48005CCCC9 /* Extentions.swift */; };
		192DFA972C0A0D8C005CCCC9 /* MovieSelection.swift in Sources */ = {isa = PBXBuildFile; fileRef = 192DFA962C0A0D8C005CCCC9 /* MovieSelection.swift */; };
		192DFA992C0A0FA3005CCCC9 /* MovieThumbnailView.swift in Sources */ = {isa = PBXBuildFile; fileRef = 192DFA982C0A0FA3005CCCC9 /* MovieThumbnailView.swift */; };
		192DFA9C2C0A10A7005CCCC9 /* MovieThumbnailViewModel.swift in Sources */ = {isa = PBXBuildFile; fileRef = 192DFA9B2C0A10A7005CCCC9 /* MovieThumbnailViewModel.swift */; };
		194C414E2C134B020000E611 /* MovieDetailViewModel.swift in Sources */ = {isa = PBXBuildFile; fileRef = 194C414D2C134B020000E611 /* MovieDetailViewModel.swift */; };
		194C41512C134B870000E611 /* DataFetchPhaseOverlayView.swift in Sources */ = {isa = PBXBuildFile; fileRef = 194C41502C134B870000E611 /* DataFetchPhaseOverlayView.swift */; };
		194C41552C134C900000E611 /* DataFetchPhrase.swift in Sources */ = {isa = PBXBuildFile; fileRef = 194C41542C134C900000E611 /* DataFetchPhrase.swift */; };
		194C41572C13517C0000E611 /* EmptyPlaceholderView.swift in Sources */ = {isa = PBXBuildFile; fileRef = 194C41562C13517C0000E611 /* EmptyPlaceholderView.swift */; };
		194C41592C1351F50000E611 /* RetryView.swift in Sources */ = {isa = PBXBuildFile; fileRef = 194C41582C1351F50000E611 /* RetryView.swift */; };
		194C415B2C13556C0000E611 /* MovieThumbnailCarouselView.swift in Sources */ = {isa = PBXBuildFile; fileRef = 194C415A2C13556C0000E611 /* MovieThumbnailCarouselView.swift */; };
		194F78DD2BE97DCA004ABCA0 /* PopcornSwirlApp.swift in Sources */ = {isa = PBXBuildFile; fileRef = 194F78DC2BE97DCA004ABCA0 /* PopcornSwirlApp.swift */; };
		194F78DF2BE97DCA004ABCA0 /* HomeView.swift in Sources */ = {isa = PBXBuildFile; fileRef = 194F78DE2BE97DCA004ABCA0 /* HomeView.swift */; };
		194F78E32BE97DCE004ABCA0 /* Assets.xcassets in Resources */ = {isa = PBXBuildFile; fileRef = 194F78E22BE97DCE004ABCA0 /* Assets.xcassets */; };
		194F78E62BE97DCE004ABCA0 /* Preview Assets.xcassets in Resources */ = {isa = PBXBuildFile; fileRef = 194F78E52BE97DCE004ABCA0 /* Preview Assets.xcassets */; };
		194F78F02BE97DCE004ABCA0 /* PopcornSwirlTests.swift in Sources */ = {isa = PBXBuildFile; fileRef = 194F78EF2BE97DCE004ABCA0 /* PopcornSwirlTests.swift */; };
		194F78FA2BE97DCE004ABCA0 /* PopcornSwirlUITests.swift in Sources */ = {isa = PBXBuildFile; fileRef = 194F78F92BE97DCE004ABCA0 /* PopcornSwirlUITests.swift */; };
		194F78FC2BE97DCE004ABCA0 /* PopcornSwirlUITestsLaunchTests.swift in Sources */ = {isa = PBXBuildFile; fileRef = 194F78FB2BE97DCE004ABCA0 /* PopcornSwirlUITestsLaunchTests.swift */; };
		194F790B2BE982AC004ABCA0 /* MovieDetailView.swift in Sources */ = {isa = PBXBuildFile; fileRef = 194F790A2BE982AC004ABCA0 /* MovieDetailView.swift */; };
		194F790D2BE98503004ABCA0 /* Movie.swift in Sources */ = {isa = PBXBuildFile; fileRef = 194F790C2BE98503004ABCA0 /* Movie.swift */; };
		194F790F2BEA162C004ABCA0 /* ContentView.swift in Sources */ = {isa = PBXBuildFile; fileRef = 194F790E2BEA162C004ABCA0 /* ContentView.swift */; };
		194F79112BEA17DB004ABCA0 /* AdView.swift in Sources */ = {isa = PBXBuildFile; fileRef = 194F79102BEA17DB004ABCA0 /* AdView.swift */; };
		19A8F2702C21CE1900097C88 /* MovieDetailImage.swift in Sources */ = {isa = PBXBuildFile; fileRef = 19A8F26F2C21CE1900097C88 /* MovieDetailImage.swift */; };
		19A8F2722C21CF9000097C88 /* MovieDetailListView.swift in Sources */ = {isa = PBXBuildFile; fileRef = 19A8F2712C21CF9000097C88 /* MovieDetailListView.swift */; };
		19A8F2742C21D1FD00097C88 /* movieDescriptionSection.swift in Sources */ = {isa = PBXBuildFile; fileRef = 19A8F2732C21D1FD00097C88 /* movieDescriptionSection.swift */; };
		19A8F2762C21D53F00097C88 /* movieCastSection.swift in Sources */ = {isa = PBXBuildFile; fileRef = 19A8F2752C21D53F00097C88 /* movieCastSection.swift */; };
		19A8F27A2C21E01F00097C88 /* MovieThumbnailType.swift in Sources */ = {isa = PBXBuildFile; fileRef = 19A8F2792C21E01F00097C88 /* MovieThumbnailType.swift */; };
		19A8F27C2C21E25000097C88 /* ImageView.swift in Sources */ = {isa = PBXBuildFile; fileRef = 19A8F27B2C21E25000097C88 /* ImageView.swift */; };
		19A8F27E2C2213CC00097C88 /* MovieGenre.swift in Sources */ = {isa = PBXBuildFile; fileRef = 19A8F27D2C2213CC00097C88 /* MovieGenre.swift */; };
		19A8F2802C22140A00097C88 /* MovieCredit.swift in Sources */ = {isa = PBXBuildFile; fileRef = 19A8F27F2C22140A00097C88 /* MovieCredit.swift */; };
		19A8F2822C22143D00097C88 /* MovieCast.swift in Sources */ = {isa = PBXBuildFile; fileRef = 19A8F2812C22143D00097C88 /* MovieCast.swift */; };
		19A8F2842C22146400097C88 /* MovieCrew.swift in Sources */ = {isa = PBXBuildFile; fileRef = 19A8F2832C22146400097C88 /* MovieCrew.swift */; };
		19A8F2862C22149D00097C88 /* MovieResponse.swift in Sources */ = {isa = PBXBuildFile; fileRef = 19A8F2852C22149D00097C88 /* MovieResponse.swift */; };
		19A8F2882C221BE600097C88 /* FavoritesManager.swift in Sources */ = {isa = PBXBuildFile; fileRef = 19A8F2872C221BE600097C88 /* FavoritesManager.swift */; };
		19A8F28E2C22C90100097C88 /* WatchedManager.swift in Sources */ = {isa = PBXBuildFile; fileRef = 19A8F28D2C22C90100097C88 /* WatchedManager.swift */; };
		19A8F2922C22D47900097C88 /* Ad.swift in Sources */ = {isa = PBXBuildFile; fileRef = 19A8F2912C22D47900097C88 /* Ad.swift */; };
		19B0B92E2C09F7E000CBF4E4 /* HomeViewModel.swift in Sources */ = {isa = PBXBuildFile; fileRef = 19B0B92D2C09F7E000CBF4E4 /* HomeViewModel.swift */; };
/* End PBXBuildFile section */

/* Begin PBXContainerItemProxy section */
		194F78EC2BE97DCE004ABCA0 /* PBXContainerItemProxy */ = {
			isa = PBXContainerItemProxy;
			containerPortal = 194F78D12BE97DCA004ABCA0 /* Project object */;
			proxyType = 1;
			remoteGlobalIDString = 194F78D82BE97DCA004ABCA0;
			remoteInfo = PopcornSwirl;
		};
		194F78F62BE97DCE004ABCA0 /* PBXContainerItemProxy */ = {
			isa = PBXContainerItemProxy;
			containerPortal = 194F78D12BE97DCA004ABCA0 /* Project object */;
			proxyType = 1;
			remoteGlobalIDString = 194F78D82BE97DCA004ABCA0;
			remoteInfo = PopcornSwirl;
		};
/* End PBXContainerItemProxy section */

/* Begin PBXFileReference section */
		190183812BF26BAE000D954A /* .gitignore */ = {isa = PBXFileReference; fileEncoding = 4; lastKnownFileType = text; path = .gitignore; sourceTree = "<group>"; };
		190183832BF26BBE000D954A /* LICENSE */ = {isa = PBXFileReference; fileEncoding = 4; lastKnownFileType = text; path = LICENSE; sourceTree = "<group>"; };
		190183852BF26BCC000D954A /* README.md */ = {isa = PBXFileReference; fileEncoding = 4; lastKnownFileType = net.daringfireball.markdown; path = README.md; sourceTree = "<group>"; };
		1901838B2BF2BC07000D954A /* FavoritesView.swift */ = {isa = PBXFileReference; lastKnownFileType = sourcecode.swift; path = FavoritesView.swift; sourceTree = "<group>"; };
		1901838D2BF2BC1E000D954A /* WatchedView.swift */ = {isa = PBXFileReference; lastKnownFileType = sourcecode.swift; path = WatchedView.swift; sourceTree = "<group>"; };
		192DFA872C0A09FB005CCCC9 /* MovieService.swift */ = {isa = PBXFileReference; lastKnownFileType = sourcecode.swift; path = MovieService.swift; sourceTree = "<group>"; };
		192DFA892C0A0AB0005CCCC9 /* MovieStore.swift */ = {isa = PBXFileReference; lastKnownFileType = sourcecode.swift; path = MovieStore.swift; sourceTree = "<group>"; };
		192DFA8B2C0A0ADF005CCCC9 /* Utils.swift */ = {isa = PBXFileReference; lastKnownFileType = sourcecode.swift; path = Utils.swift; sourceTree = "<group>"; };
		192DFA8E2C0A0CFC005CCCC9 /* movie_list.json */ = {isa = PBXFileReference; fileEncoding = 4; lastKnownFileType = text.json; path = movie_list.json; sourceTree = "<group>"; };
		192DFA8F2C0A0CFC005CCCC9 /* search_movie.json */ = {isa = PBXFileReference; fileEncoding = 4; lastKnownFileType = text.json; path = search_movie.json; sourceTree = "<group>"; };
		192DFA902C0A0CFC005CCCC9 /* movie_info.json */ = {isa = PBXFileReference; fileEncoding = 4; lastKnownFileType = text.json; path = movie_info.json; sourceTree = "<group>"; };
		192DFA942C0A0D48005CCCC9 /* Extentions.swift */ = {isa = PBXFileReference; lastKnownFileType = sourcecode.swift; path = Extentions.swift; sourceTree = "<group>"; };
		192DFA962C0A0D8C005CCCC9 /* MovieSelection.swift */ = {isa = PBXFileReference; lastKnownFileType = sourcecode.swift; path = MovieSelection.swift; sourceTree = "<group>"; };
		192DFA982C0A0FA3005CCCC9 /* MovieThumbnailView.swift */ = {isa = PBXFileReference; lastKnownFileType = sourcecode.swift; path = MovieThumbnailView.swift; sourceTree = "<group>"; };
		192DFA9B2C0A10A7005CCCC9 /* MovieThumbnailViewModel.swift */ = {isa = PBXFileReference; lastKnownFileType = sourcecode.swift; path = MovieThumbnailViewModel.swift; sourceTree = "<group>"; };
		194C414D2C134B020000E611 /* MovieDetailViewModel.swift */ = {isa = PBXFileReference; lastKnownFileType = sourcecode.swift; path = MovieDetailViewModel.swift; sourceTree = "<group>"; };
		194C41502C134B870000E611 /* DataFetchPhaseOverlayView.swift */ = {isa = PBXFileReference; lastKnownFileType = sourcecode.swift; path = DataFetchPhaseOverlayView.swift; sourceTree = "<group>"; };
		194C41542C134C900000E611 /* DataFetchPhrase.swift */ = {isa = PBXFileReference; lastKnownFileType = sourcecode.swift; path = DataFetchPhrase.swift; sourceTree = "<group>"; };
		194C41562C13517C0000E611 /* EmptyPlaceholderView.swift */ = {isa = PBXFileReference; lastKnownFileType = sourcecode.swift; path = EmptyPlaceholderView.swift; sourceTree = "<group>"; };
		194C41582C1351F50000E611 /* RetryView.swift */ = {isa = PBXFileReference; lastKnownFileType = sourcecode.swift; path = RetryView.swift; sourceTree = "<group>"; };
		194C415A2C13556C0000E611 /* MovieThumbnailCarouselView.swift */ = {isa = PBXFileReference; lastKnownFileType = sourcecode.swift; path = MovieThumbnailCarouselView.swift; sourceTree = "<group>"; };
		194F78D92BE97DCA004ABCA0 /* PopcornSwirl.app */ = {isa = PBXFileReference; explicitFileType = wrapper.application; includeInIndex = 0; path = PopcornSwirl.app; sourceTree = BUILT_PRODUCTS_DIR; };
		194F78DC2BE97DCA004ABCA0 /* PopcornSwirlApp.swift */ = {isa = PBXFileReference; lastKnownFileType = sourcecode.swift; path = PopcornSwirlApp.swift; sourceTree = "<group>"; };
		194F78DE2BE97DCA004ABCA0 /* HomeView.swift */ = {isa = PBXFileReference; lastKnownFileType = sourcecode.swift; path = HomeView.swift; sourceTree = "<group>"; };
		194F78E22BE97DCE004ABCA0 /* Assets.xcassets */ = {isa = PBXFileReference; lastKnownFileType = folder.assetcatalog; path = Assets.xcassets; sourceTree = "<group>"; };
		194F78E52BE97DCE004ABCA0 /* Preview Assets.xcassets */ = {isa = PBXFileReference; lastKnownFileType = folder.assetcatalog; path = "Preview Assets.xcassets"; sourceTree = "<group>"; };
		194F78EB2BE97DCE004ABCA0 /* PopcornSwirlTests.xctest */ = {isa = PBXFileReference; explicitFileType = wrapper.cfbundle; includeInIndex = 0; path = PopcornSwirlTests.xctest; sourceTree = BUILT_PRODUCTS_DIR; };
		194F78EF2BE97DCE004ABCA0 /* PopcornSwirlTests.swift */ = {isa = PBXFileReference; lastKnownFileType = sourcecode.swift; path = PopcornSwirlTests.swift; sourceTree = "<group>"; };
		194F78F52BE97DCE004ABCA0 /* PopcornSwirlUITests.xctest */ = {isa = PBXFileReference; explicitFileType = wrapper.cfbundle; includeInIndex = 0; path = PopcornSwirlUITests.xctest; sourceTree = BUILT_PRODUCTS_DIR; };
		194F78F92BE97DCE004ABCA0 /* PopcornSwirlUITests.swift */ = {isa = PBXFileReference; lastKnownFileType = sourcecode.swift; path = PopcornSwirlUITests.swift; sourceTree = "<group>"; };
		194F78FB2BE97DCE004ABCA0 /* PopcornSwirlUITestsLaunchTests.swift */ = {isa = PBXFileReference; lastKnownFileType = sourcecode.swift; path = PopcornSwirlUITestsLaunchTests.swift; sourceTree = "<group>"; };
		194F790A2BE982AC004ABCA0 /* MovieDetailView.swift */ = {isa = PBXFileReference; lastKnownFileType = sourcecode.swift; path = MovieDetailView.swift; sourceTree = "<group>"; };
		194F790C2BE98503004ABCA0 /* Movie.swift */ = {isa = PBXFileReference; lastKnownFileType = sourcecode.swift; path = Movie.swift; sourceTree = "<group>"; };
		194F790E2BEA162C004ABCA0 /* ContentView.swift */ = {isa = PBXFileReference; lastKnownFileType = sourcecode.swift; path = ContentView.swift; sourceTree = "<group>"; };
		194F79102BEA17DB004ABCA0 /* AdView.swift */ = {isa = PBXFileReference; lastKnownFileType = sourcecode.swift; path = AdView.swift; sourceTree = "<group>"; };
		19A8F26F2C21CE1900097C88 /* MovieDetailImage.swift */ = {isa = PBXFileReference; lastKnownFileType = sourcecode.swift; path = MovieDetailImage.swift; sourceTree = "<group>"; };
		19A8F2712C21CF9000097C88 /* MovieDetailListView.swift */ = {isa = PBXFileReference; lastKnownFileType = sourcecode.swift; path = MovieDetailListView.swift; sourceTree = "<group>"; };
		19A8F2732C21D1FD00097C88 /* movieDescriptionSection.swift */ = {isa = PBXFileReference; lastKnownFileType = sourcecode.swift; path = movieDescriptionSection.swift; sourceTree = "<group>"; };
		19A8F2752C21D53F00097C88 /* movieCastSection.swift */ = {isa = PBXFileReference; lastKnownFileType = sourcecode.swift; path = movieCastSection.swift; sourceTree = "<group>"; };
		19A8F2792C21E01F00097C88 /* MovieThumbnailType.swift */ = {isa = PBXFileReference; lastKnownFileType = sourcecode.swift; path = MovieThumbnailType.swift; sourceTree = "<group>"; };
		19A8F27B2C21E25000097C88 /* ImageView.swift */ = {isa = PBXFileReference; lastKnownFileType = sourcecode.swift; path = ImageView.swift; sourceTree = "<group>"; };
		19A8F27D2C2213CC00097C88 /* MovieGenre.swift */ = {isa = PBXFileReference; lastKnownFileType = sourcecode.swift; path = MovieGenre.swift; sourceTree = "<group>"; };
		19A8F27F2C22140A00097C88 /* MovieCredit.swift */ = {isa = PBXFileReference; lastKnownFileType = sourcecode.swift; path = MovieCredit.swift; sourceTree = "<group>"; };
		19A8F2812C22143D00097C88 /* MovieCast.swift */ = {isa = PBXFileReference; lastKnownFileType = sourcecode.swift; path = MovieCast.swift; sourceTree = "<group>"; };
		19A8F2832C22146400097C88 /* MovieCrew.swift */ = {isa = PBXFileReference; lastKnownFileType = sourcecode.swift; path = MovieCrew.swift; sourceTree = "<group>"; };
		19A8F2852C22149D00097C88 /* MovieResponse.swift */ = {isa = PBXFileReference; lastKnownFileType = sourcecode.swift; path = MovieResponse.swift; sourceTree = "<group>"; };
		19A8F2872C221BE600097C88 /* FavoritesManager.swift */ = {isa = PBXFileReference; lastKnownFileType = sourcecode.swift; path = FavoritesManager.swift; sourceTree = "<group>"; };
		19A8F28D2C22C90100097C88 /* WatchedManager.swift */ = {isa = PBXFileReference; lastKnownFileType = sourcecode.swift; path = WatchedManager.swift; sourceTree = "<group>"; };
		19A8F2912C22D47900097C88 /* Ad.swift */ = {isa = PBXFileReference; lastKnownFileType = sourcecode.swift; path = Ad.swift; sourceTree = "<group>"; };
		19B0B92D2C09F7E000CBF4E4 /* HomeViewModel.swift */ = {isa = PBXFileReference; lastKnownFileType = sourcecode.swift; path = HomeViewModel.swift; sourceTree = "<group>"; };
/* End PBXFileReference section */

/* Begin PBXFrameworksBuildPhase section */
		194F78D62BE97DCA004ABCA0 /* Frameworks */ = {
			isa = PBXFrameworksBuildPhase;
			buildActionMask = 2147483647;
			files = (
			);
			runOnlyForDeploymentPostprocessing = 0;
		};
		194F78E82BE97DCE004ABCA0 /* Frameworks */ = {
			isa = PBXFrameworksBuildPhase;
			buildActionMask = 2147483647;
			files = (
			);
			runOnlyForDeploymentPostprocessing = 0;
		};
		194F78F22BE97DCE004ABCA0 /* Frameworks */ = {
			isa = PBXFrameworksBuildPhase;
			buildActionMask = 2147483647;
			files = (
			);
			runOnlyForDeploymentPostprocessing = 0;
		};
/* End PBXFrameworksBuildPhase section */

/* Begin PBXGroup section */
		1901838F2BF2C7F2000D954A /* Views */ = {
			isa = PBXGroup;
			children = (
				190183902BF2C804000D954A /* Screens */,
				194C414F2C134B6A0000E611 /* OverleyViews */,
				190183912BF2C8B3000D954A /* PSViews */,
			);
			path = Views;
			sourceTree = "<group>";
		};
		190183902BF2C804000D954A /* Screens */ = {
			isa = PBXGroup;
			children = (
				194F790E2BEA162C004ABCA0 /* ContentView.swift */,
				194F78DE2BE97DCA004ABCA0 /* HomeView.swift */,
				1901838B2BF2BC07000D954A /* FavoritesView.swift */,
				1901838D2BF2BC1E000D954A /* WatchedView.swift */,
				194F790A2BE982AC004ABCA0 /* MovieDetailView.swift */,
			);
			path = Screens;
			sourceTree = "<group>";
		};
		190183912BF2C8B3000D954A /* PSViews */ = {
			isa = PBXGroup;
			children = (
				19A8F27B2C21E25000097C88 /* ImageView.swift */,
				192DFA982C0A0FA3005CCCC9 /* MovieThumbnailView.swift */,
				194C415A2C13556C0000E611 /* MovieThumbnailCarouselView.swift */,
				19A8F26F2C21CE1900097C88 /* MovieDetailImage.swift */,
				19A8F2712C21CF9000097C88 /* MovieDetailListView.swift */,
				19A8F2732C21D1FD00097C88 /* movieDescriptionSection.swift */,
				19A8F2752C21D53F00097C88 /* movieCastSection.swift */,
				194F79102BEA17DB004ABCA0 /* AdView.swift */,
			);
			path = PSViews;
			sourceTree = "<group>";
		};
		190183922BF2C957000D954A /* Model */ = {
			isa = PBXGroup;
			children = (
				194F790C2BE98503004ABCA0 /* Movie.swift */,
				19A8F27D2C2213CC00097C88 /* MovieGenre.swift */,
				19A8F27F2C22140A00097C88 /* MovieCredit.swift */,
				19A8F2812C22143D00097C88 /* MovieCast.swift */,
				19A8F2832C22146400097C88 /* MovieCrew.swift */,
				19A8F2852C22149D00097C88 /* MovieResponse.swift */,
				192DFA962C0A0D8C005CCCC9 /* MovieSelection.swift */,
				194C41542C134C900000E611 /* DataFetchPhrase.swift */,
				19A8F2792C21E01F00097C88 /* MovieThumbnailType.swift */,
				19A8F2912C22D47900097C88 /* Ad.swift */,
				192DFA942C0A0D48005CCCC9 /* Extentions.swift */,
			);
			path = Model;
			sourceTree = "<group>";
		};
		192DFA8D2C0A0CC5005CCCC9 /* Resources */ = {
			isa = PBXGroup;
			children = (
				192DFA902C0A0CFC005CCCC9 /* movie_info.json */,
				192DFA8E2C0A0CFC005CCCC9 /* movie_list.json */,
				192DFA8F2C0A0CFC005CCCC9 /* search_movie.json */,
			);
			path = Resources;
			sourceTree = "<group>";
		};
		194C414F2C134B6A0000E611 /* OverleyViews */ = {
			isa = PBXGroup;
			children = (
				194C41502C134B870000E611 /* DataFetchPhaseOverlayView.swift */,
				194C41562C13517C0000E611 /* EmptyPlaceholderView.swift */,
				194C41582C1351F50000E611 /* RetryView.swift */,
			);
			path = OverleyViews;
			sourceTree = "<group>";
		};
		194F78D02BE97DCA004ABCA0 = {
			isa = PBXGroup;
			children = (
				190183812BF26BAE000D954A /* .gitignore */,
				190183832BF26BBE000D954A /* LICENSE */,
				190183852BF26BCC000D954A /* README.md */,
				194F78DB2BE97DCA004ABCA0 /* PopcornSwirl */,
				194F78EE2BE97DCE004ABCA0 /* PopcornSwirlTests */,
				194F78F82BE97DCE004ABCA0 /* PopcornSwirlUITests */,
				194F78DA2BE97DCA004ABCA0 /* Products */,
			);
			sourceTree = "<group>";
		};
		194F78DA2BE97DCA004ABCA0 /* Products */ = {
			isa = PBXGroup;
			children = (
				194F78D92BE97DCA004ABCA0 /* PopcornSwirl.app */,
				194F78EB2BE97DCE004ABCA0 /* PopcornSwirlTests.xctest */,
				194F78F52BE97DCE004ABCA0 /* PopcornSwirlUITests.xctest */,
			);
			name = Products;
			sourceTree = "<group>";
		};
		194F78DB2BE97DCA004ABCA0 /* PopcornSwirl */ = {
			isa = PBXGroup;
			children = (
				194F78DC2BE97DCA004ABCA0 /* PopcornSwirlApp.swift */,
				1901838F2BF2C7F2000D954A /* Views */,
				19B0B92C2C09F7B600CBF4E4 /* ViewModel */,
				190183922BF2C957000D954A /* Model */,
				19B0B9272C09F42800CBF4E4 /* Sevices */,
				192DFA8D2C0A0CC5005CCCC9 /* Resources */,
				194F78E22BE97DCE004ABCA0 /* Assets.xcassets */,
				194F78E42BE97DCE004ABCA0 /* Preview Content */,
			);
			path = PopcornSwirl;
			sourceTree = "<group>";
		};
		194F78E42BE97DCE004ABCA0 /* Preview Content */ = {
			isa = PBXGroup;
			children = (
				194F78E52BE97DCE004ABCA0 /* Preview Assets.xcassets */,
			);
			path = "Preview Content";
			sourceTree = "<group>";
		};
		194F78EE2BE97DCE004ABCA0 /* PopcornSwirlTests */ = {
			isa = PBXGroup;
			children = (
				194F78EF2BE97DCE004ABCA0 /* PopcornSwirlTests.swift */,
			);
			path = PopcornSwirlTests;
			sourceTree = "<group>";
		};
		194F78F82BE97DCE004ABCA0 /* PopcornSwirlUITests */ = {
			isa = PBXGroup;
			children = (
				194F78F92BE97DCE004ABCA0 /* PopcornSwirlUITests.swift */,
				194F78FB2BE97DCE004ABCA0 /* PopcornSwirlUITestsLaunchTests.swift */,
			);
			path = PopcornSwirlUITests;
			sourceTree = "<group>";
		};
		19B0B9272C09F42800CBF4E4 /* Sevices */ = {
			isa = PBXGroup;
			children = (
				192DFA872C0A09FB005CCCC9 /* MovieService.swift */,
				192DFA892C0A0AB0005CCCC9 /* MovieStore.swift */,
				192DFA8B2C0A0ADF005CCCC9 /* Utils.swift */,
			);
			path = Sevices;
			sourceTree = "<group>";
		};
		19B0B92C2C09F7B600CBF4E4 /* ViewModel */ = {
			isa = PBXGroup;
			children = (
				19B0B92D2C09F7E000CBF4E4 /* HomeViewModel.swift */,
				192DFA9B2C0A10A7005CCCC9 /* MovieThumbnailViewModel.swift */,
				194C414D2C134B020000E611 /* MovieDetailViewModel.swift */,
				19A8F2872C221BE600097C88 /* FavoritesManager.swift */,
				19A8F28D2C22C90100097C88 /* WatchedManager.swift */,
			);
			path = ViewModel;
			sourceTree = "<group>";
		};
/* End PBXGroup section */

/* Begin PBXNativeTarget section */
		194F78D82BE97DCA004ABCA0 /* PopcornSwirl */ = {
			isa = PBXNativeTarget;
			buildConfigurationList = 194F78FF2BE97DCE004ABCA0 /* Build configuration list for PBXNativeTarget "PopcornSwirl" */;
			buildPhases = (
				194F78D52BE97DCA004ABCA0 /* Sources */,
				194F78D62BE97DCA004ABCA0 /* Frameworks */,
				194F78D72BE97DCA004ABCA0 /* Resources */,
			);
			buildRules = (
			);
			dependencies = (
			);
			name = PopcornSwirl;
			productName = PopcornSwirl;
			productReference = 194F78D92BE97DCA004ABCA0 /* PopcornSwirl.app */;
			productType = "com.apple.product-type.application";
		};
		194F78EA2BE97DCE004ABCA0 /* PopcornSwirlTests */ = {
			isa = PBXNativeTarget;
			buildConfigurationList = 194F79022BE97DCE004ABCA0 /* Build configuration list for PBXNativeTarget "PopcornSwirlTests" */;
			buildPhases = (
				194F78E72BE97DCE004ABCA0 /* Sources */,
				194F78E82BE97DCE004ABCA0 /* Frameworks */,
				194F78E92BE97DCE004ABCA0 /* Resources */,
			);
			buildRules = (
			);
			dependencies = (
				194F78ED2BE97DCE004ABCA0 /* PBXTargetDependency */,
			);
			name = PopcornSwirlTests;
			productName = PopcornSwirlTests;
			productReference = 194F78EB2BE97DCE004ABCA0 /* PopcornSwirlTests.xctest */;
			productType = "com.apple.product-type.bundle.unit-test";
		};
		194F78F42BE97DCE004ABCA0 /* PopcornSwirlUITests */ = {
			isa = PBXNativeTarget;
			buildConfigurationList = 194F79052BE97DCE004ABCA0 /* Build configuration list for PBXNativeTarget "PopcornSwirlUITests" */;
			buildPhases = (
				194F78F12BE97DCE004ABCA0 /* Sources */,
				194F78F22BE97DCE004ABCA0 /* Frameworks */,
				194F78F32BE97DCE004ABCA0 /* Resources */,
			);
			buildRules = (
			);
			dependencies = (
				194F78F72BE97DCE004ABCA0 /* PBXTargetDependency */,
			);
			name = PopcornSwirlUITests;
			productName = PopcornSwirlUITests;
			productReference = 194F78F52BE97DCE004ABCA0 /* PopcornSwirlUITests.xctest */;
			productType = "com.apple.product-type.bundle.ui-testing";
		};
/* End PBXNativeTarget section */

/* Begin PBXProject section */
		194F78D12BE97DCA004ABCA0 /* Project object */ = {
			isa = PBXProject;
			attributes = {
				BuildIndependentTargetsInParallel = 1;
				LastSwiftUpdateCheck = 1530;
				LastUpgradeCheck = 1530;
				TargetAttributes = {
					194F78D82BE97DCA004ABCA0 = {
						CreatedOnToolsVersion = 15.3;
					};
					194F78EA2BE97DCE004ABCA0 = {
						CreatedOnToolsVersion = 15.3;
						TestTargetID = 194F78D82BE97DCA004ABCA0;
					};
					194F78F42BE97DCE004ABCA0 = {
						CreatedOnToolsVersion = 15.3;
						TestTargetID = 194F78D82BE97DCA004ABCA0;
					};
				};
			};
			buildConfigurationList = 194F78D42BE97DCA004ABCA0 /* Build configuration list for PBXProject "PopcornSwirl" */;
			compatibilityVersion = "Xcode 14.0";
			developmentRegion = en;
			hasScannedForEncodings = 0;
			knownRegions = (
				en,
				Base,
			);
			mainGroup = 194F78D02BE97DCA004ABCA0;
			productRefGroup = 194F78DA2BE97DCA004ABCA0 /* Products */;
			projectDirPath = "";
			projectRoot = "";
			targets = (
				194F78D82BE97DCA004ABCA0 /* PopcornSwirl */,
				194F78EA2BE97DCE004ABCA0 /* PopcornSwirlTests */,
				194F78F42BE97DCE004ABCA0 /* PopcornSwirlUITests */,
			);
		};
/* End PBXProject section */

/* Begin PBXResourcesBuildPhase section */
		194F78D72BE97DCA004ABCA0 /* Resources */ = {
			isa = PBXResourcesBuildPhase;
			buildActionMask = 2147483647;
			files = (
				194F78E62BE97DCE004ABCA0 /* Preview Assets.xcassets in Resources */,
				190183822BF26BAE000D954A /* .gitignore in Resources */,
				192DFA932C0A0CFC005CCCC9 /* movie_info.json in Resources */,
				190183862BF26BCC000D954A /* README.md in Resources */,
				190183842BF26BBE000D954A /* LICENSE in Resources */,
				192DFA912C0A0CFC005CCCC9 /* movie_list.json in Resources */,
				192DFA922C0A0CFC005CCCC9 /* search_movie.json in Resources */,
				194F78E32BE97DCE004ABCA0 /* Assets.xcassets in Resources */,
			);
			runOnlyForDeploymentPostprocessing = 0;
		};
		194F78E92BE97DCE004ABCA0 /* Resources */ = {
			isa = PBXResourcesBuildPhase;
			buildActionMask = 2147483647;
			files = (
			);
			runOnlyForDeploymentPostprocessing = 0;
		};
		194F78F32BE97DCE004ABCA0 /* Resources */ = {
			isa = PBXResourcesBuildPhase;
			buildActionMask = 2147483647;
			files = (
			);
			runOnlyForDeploymentPostprocessing = 0;
		};
/* End PBXResourcesBuildPhase section */

/* Begin PBXSourcesBuildPhase section */
		194F78D52BE97DCA004ABCA0 /* Sources */ = {
			isa = PBXSourcesBuildPhase;
			buildActionMask = 2147483647;
			files = (
				19A8F2822C22143D00097C88 /* MovieCast.swift in Sources */,
				19B0B92E2C09F7E000CBF4E4 /* HomeViewModel.swift in Sources */,
				194C41572C13517C0000E611 /* EmptyPlaceholderView.swift in Sources */,
				194C415B2C13556C0000E611 /* MovieThumbnailCarouselView.swift in Sources */,
				19A8F2762C21D53F00097C88 /* movieCastSection.swift in Sources */,
				19A8F2882C221BE600097C88 /* FavoritesManager.swift in Sources */,
				194F790B2BE982AC004ABCA0 /* MovieDetailView.swift in Sources */,
				19A8F2802C22140A00097C88 /* MovieCredit.swift in Sources */,
				194C41592C1351F50000E611 /* RetryView.swift in Sources */,
				19A8F2922C22D47900097C88 /* Ad.swift in Sources */,
				19A8F27C2C21E25000097C88 /* ImageView.swift in Sources */,
				19A8F2702C21CE1900097C88 /* MovieDetailImage.swift in Sources */,
				194C41512C134B870000E611 /* DataFetchPhaseOverlayView.swift in Sources */,
				192DFA8C2C0A0ADF005CCCC9 /* Utils.swift in Sources */,
				192DFA992C0A0FA3005CCCC9 /* MovieThumbnailView.swift in Sources */,
				194F78DF2BE97DCA004ABCA0 /* HomeView.swift in Sources */,
				194F790F2BEA162C004ABCA0 /* ContentView.swift in Sources */,
				192DFA9C2C0A10A7005CCCC9 /* MovieThumbnailViewModel.swift in Sources */,
				194F79112BEA17DB004ABCA0 /* AdView.swift in Sources */,
				192DFA8A2C0A0AB0005CCCC9 /* MovieStore.swift in Sources */,
				19A8F27A2C21E01F00097C88 /* MovieThumbnailType.swift in Sources */,
				19A8F2862C22149D00097C88 /* MovieResponse.swift in Sources */,
				192DFA882C0A09FB005CCCC9 /* MovieService.swift in Sources */,
				1901838E2BF2BC1E000D954A /* WatchedView.swift in Sources */,
				194C414E2C134B020000E611 /* MovieDetailViewModel.swift in Sources */,
				19A8F27E2C2213CC00097C88 /* MovieGenre.swift in Sources */,
				1901838C2BF2BC07000D954A /* FavoritesView.swift in Sources */,
				19A8F28E2C22C90100097C88 /* WatchedManager.swift in Sources */,
				194F790D2BE98503004ABCA0 /* Movie.swift in Sources */,
				19A8F2722C21CF9000097C88 /* MovieDetailListView.swift in Sources */,
				19A8F2742C21D1FD00097C88 /* movieDescriptionSection.swift in Sources */,
				194C41552C134C900000E611 /* DataFetchPhrase.swift in Sources */,
				192DFA972C0A0D8C005CCCC9 /* MovieSelection.swift in Sources */,
				19A8F2842C22146400097C88 /* MovieCrew.swift in Sources */,
				192DFA952C0A0D48005CCCC9 /* Extentions.swift in Sources */,
				194F78DD2BE97DCA004ABCA0 /* PopcornSwirlApp.swift in Sources */,
			);
			runOnlyForDeploymentPostprocessing = 0;
		};
		194F78E72BE97DCE004ABCA0 /* Sources */ = {
			isa = PBXSourcesBuildPhase;
			buildActionMask = 2147483647;
			files = (
				194F78F02BE97DCE004ABCA0 /* PopcornSwirlTests.swift in Sources */,
			);
			runOnlyForDeploymentPostprocessing = 0;
		};
		194F78F12BE97DCE004ABCA0 /* Sources */ = {
			isa = PBXSourcesBuildPhase;
			buildActionMask = 2147483647;
			files = (
				194F78FC2BE97DCE004ABCA0 /* PopcornSwirlUITestsLaunchTests.swift in Sources */,
				194F78FA2BE97DCE004ABCA0 /* PopcornSwirlUITests.swift in Sources */,
			);
			runOnlyForDeploymentPostprocessing = 0;
		};
/* End PBXSourcesBuildPhase section */

/* Begin PBXTargetDependency section */
		194F78ED2BE97DCE004ABCA0 /* PBXTargetDependency */ = {
			isa = PBXTargetDependency;
			target = 194F78D82BE97DCA004ABCA0 /* PopcornSwirl */;
			targetProxy = 194F78EC2BE97DCE004ABCA0 /* PBXContainerItemProxy */;
		};
		194F78F72BE97DCE004ABCA0 /* PBXTargetDependency */ = {
			isa = PBXTargetDependency;
			target = 194F78D82BE97DCA004ABCA0 /* PopcornSwirl */;
			targetProxy = 194F78F62BE97DCE004ABCA0 /* PBXContainerItemProxy */;
		};
/* End PBXTargetDependency section */

/* Begin XCBuildConfiguration section */
		194F78FD2BE97DCE004ABCA0 /* Debug */ = {
			isa = XCBuildConfiguration;
			buildSettings = {
				ALWAYS_SEARCH_USER_PATHS = NO;
				ASSETCATALOG_COMPILER_GENERATE_SWIFT_ASSET_SYMBOL_EXTENSIONS = YES;
				CLANG_ANALYZER_NONNULL = YES;
				CLANG_ANALYZER_NUMBER_OBJECT_CONVERSION = YES_AGGRESSIVE;
				CLANG_CXX_LANGUAGE_STANDARD = "gnu++20";
				CLANG_ENABLE_MODULES = YES;
				CLANG_ENABLE_OBJC_ARC = YES;
				CLANG_ENABLE_OBJC_WEAK = YES;
				CLANG_WARN_BLOCK_CAPTURE_AUTORELEASING = YES;
				CLANG_WARN_BOOL_CONVERSION = YES;
				CLANG_WARN_COMMA = YES;
				CLANG_WARN_CONSTANT_CONVERSION = YES;
				CLANG_WARN_DEPRECATED_OBJC_IMPLEMENTATIONS = YES;
				CLANG_WARN_DIRECT_OBJC_ISA_USAGE = YES_ERROR;
				CLANG_WARN_DOCUMENTATION_COMMENTS = YES;
				CLANG_WARN_EMPTY_BODY = YES;
				CLANG_WARN_ENUM_CONVERSION = YES;
				CLANG_WARN_INFINITE_RECURSION = YES;
				CLANG_WARN_INT_CONVERSION = YES;
				CLANG_WARN_NON_LITERAL_NULL_CONVERSION = YES;
				CLANG_WARN_OBJC_IMPLICIT_RETAIN_SELF = YES;
				CLANG_WARN_OBJC_LITERAL_CONVERSION = YES;
				CLANG_WARN_OBJC_ROOT_CLASS = YES_ERROR;
				CLANG_WARN_QUOTED_INCLUDE_IN_FRAMEWORK_HEADER = YES;
				CLANG_WARN_RANGE_LOOP_ANALYSIS = YES;
				CLANG_WARN_STRICT_PROTOTYPES = YES;
				CLANG_WARN_SUSPICIOUS_MOVE = YES;
				CLANG_WARN_UNGUARDED_AVAILABILITY = YES_AGGRESSIVE;
				CLANG_WARN_UNREACHABLE_CODE = YES;
				CLANG_WARN__DUPLICATE_METHOD_MATCH = YES;
				COPY_PHASE_STRIP = NO;
				DEBUG_INFORMATION_FORMAT = dwarf;
				ENABLE_STRICT_OBJC_MSGSEND = YES;
				ENABLE_TESTABILITY = YES;
				ENABLE_USER_SCRIPT_SANDBOXING = YES;
				GCC_C_LANGUAGE_STANDARD = gnu17;
				GCC_DYNAMIC_NO_PIC = NO;
				GCC_NO_COMMON_BLOCKS = YES;
				GCC_OPTIMIZATION_LEVEL = 0;
				GCC_PREPROCESSOR_DEFINITIONS = (
					"DEBUG=1",
					"$(inherited)",
				);
				GCC_WARN_64_TO_32_BIT_CONVERSION = YES;
				GCC_WARN_ABOUT_RETURN_TYPE = YES_ERROR;
				GCC_WARN_UNDECLARED_SELECTOR = YES;
				GCC_WARN_UNINITIALIZED_AUTOS = YES_AGGRESSIVE;
				GCC_WARN_UNUSED_FUNCTION = YES;
				GCC_WARN_UNUSED_VARIABLE = YES;
				IPHONEOS_DEPLOYMENT_TARGET = 17.4;
				LOCALIZATION_PREFERS_STRING_CATALOGS = YES;
				MTL_ENABLE_DEBUG_INFO = INCLUDE_SOURCE;
				MTL_FAST_MATH = YES;
				ONLY_ACTIVE_ARCH = YES;
				SDKROOT = iphoneos;
				SWIFT_ACTIVE_COMPILATION_CONDITIONS = "DEBUG $(inherited)";
				SWIFT_OPTIMIZATION_LEVEL = "-Onone";
			};
			name = Debug;
		};
		194F78FE2BE97DCE004ABCA0 /* Release */ = {
			isa = XCBuildConfiguration;
			buildSettings = {
				ALWAYS_SEARCH_USER_PATHS = NO;
				ASSETCATALOG_COMPILER_GENERATE_SWIFT_ASSET_SYMBOL_EXTENSIONS = YES;
				CLANG_ANALYZER_NONNULL = YES;
				CLANG_ANALYZER_NUMBER_OBJECT_CONVERSION = YES_AGGRESSIVE;
				CLANG_CXX_LANGUAGE_STANDARD = "gnu++20";
				CLANG_ENABLE_MODULES = YES;
				CLANG_ENABLE_OBJC_ARC = YES;
				CLANG_ENABLE_OBJC_WEAK = YES;
				CLANG_WARN_BLOCK_CAPTURE_AUTORELEASING = YES;
				CLANG_WARN_BOOL_CONVERSION = YES;
				CLANG_WARN_COMMA = YES;
				CLANG_WARN_CONSTANT_CONVERSION = YES;
				CLANG_WARN_DEPRECATED_OBJC_IMPLEMENTATIONS = YES;
				CLANG_WARN_DIRECT_OBJC_ISA_USAGE = YES_ERROR;
				CLANG_WARN_DOCUMENTATION_COMMENTS = YES;
				CLANG_WARN_EMPTY_BODY = YES;
				CLANG_WARN_ENUM_CONVERSION = YES;
				CLANG_WARN_INFINITE_RECURSION = YES;
				CLANG_WARN_INT_CONVERSION = YES;
				CLANG_WARN_NON_LITERAL_NULL_CONVERSION = YES;
				CLANG_WARN_OBJC_IMPLICIT_RETAIN_SELF = YES;
				CLANG_WARN_OBJC_LITERAL_CONVERSION = YES;
				CLANG_WARN_OBJC_ROOT_CLASS = YES_ERROR;
				CLANG_WARN_QUOTED_INCLUDE_IN_FRAMEWORK_HEADER = YES;
				CLANG_WARN_RANGE_LOOP_ANALYSIS = YES;
				CLANG_WARN_STRICT_PROTOTYPES = YES;
				CLANG_WARN_SUSPICIOUS_MOVE = YES;
				CLANG_WARN_UNGUARDED_AVAILABILITY = YES_AGGRESSIVE;
				CLANG_WARN_UNREACHABLE_CODE = YES;
				CLANG_WARN__DUPLICATE_METHOD_MATCH = YES;
				COPY_PHASE_STRIP = NO;
				DEBUG_INFORMATION_FORMAT = "dwarf-with-dsym";
				ENABLE_NS_ASSERTIONS = NO;
				ENABLE_STRICT_OBJC_MSGSEND = YES;
				ENABLE_USER_SCRIPT_SANDBOXING = YES;
				GCC_C_LANGUAGE_STANDARD = gnu17;
				GCC_NO_COMMON_BLOCKS = YES;
				GCC_WARN_64_TO_32_BIT_CONVERSION = YES;
				GCC_WARN_ABOUT_RETURN_TYPE = YES_ERROR;
				GCC_WARN_UNDECLARED_SELECTOR = YES;
				GCC_WARN_UNINITIALIZED_AUTOS = YES_AGGRESSIVE;
				GCC_WARN_UNUSED_FUNCTION = YES;
				GCC_WARN_UNUSED_VARIABLE = YES;
				IPHONEOS_DEPLOYMENT_TARGET = 17.4;
				LOCALIZATION_PREFERS_STRING_CATALOGS = YES;
				MTL_ENABLE_DEBUG_INFO = NO;
				MTL_FAST_MATH = YES;
				SDKROOT = iphoneos;
				SWIFT_COMPILATION_MODE = wholemodule;
				VALIDATE_PRODUCT = YES;
			};
			name = Release;
		};
		194F79002BE97DCE004ABCA0 /* Debug */ = {
			isa = XCBuildConfiguration;
			buildSettings = {
				ASSETCATALOG_COMPILER_APPICON_NAME = AppIcon;
				ASSETCATALOG_COMPILER_GLOBAL_ACCENT_COLOR_NAME = AccentColor;
				CODE_SIGN_STYLE = Automatic;
				CURRENT_PROJECT_VERSION = 1;
				DEVELOPMENT_ASSET_PATHS = "\"PopcornSwirl/Preview Content\"";
				DEVELOPMENT_TEAM = 6WAA8E6R87;
				ENABLE_PREVIEWS = YES;
				GENERATE_INFOPLIST_FILE = YES;
				INFOPLIST_KEY_UIApplicationSceneManifest_Generation = YES;
				INFOPLIST_KEY_UIApplicationSupportsIndirectInputEvents = YES;
				INFOPLIST_KEY_UILaunchScreen_Generation = YES;
				INFOPLIST_KEY_UISupportedInterfaceOrientations_iPad = "UIInterfaceOrientationPortrait UIInterfaceOrientationPortraitUpsideDown UIInterfaceOrientationLandscapeLeft UIInterfaceOrientationLandscapeRight";
				INFOPLIST_KEY_UISupportedInterfaceOrientations_iPhone = "UIInterfaceOrientationPortrait UIInterfaceOrientationLandscapeLeft UIInterfaceOrientationLandscapeRight";
				LD_RUNPATH_SEARCH_PATHS = (
					"$(inherited)",
					"@executable_path/Frameworks",
				);
				MARKETING_VERSION = 1.0;
				PRODUCT_BUNDLE_IDENTIFIER = com.melnelen.PopcornSwirl;
				PRODUCT_NAME = "$(TARGET_NAME)";
				SWIFT_EMIT_LOC_STRINGS = YES;
				SWIFT_VERSION = 5.0;
				TARGETED_DEVICE_FAMILY = "1,2";
			};
			name = Debug;
		};
		194F79012BE97DCE004ABCA0 /* Release */ = {
			isa = XCBuildConfiguration;
			buildSettings = {
				ASSETCATALOG_COMPILER_APPICON_NAME = AppIcon;
				ASSETCATALOG_COMPILER_GLOBAL_ACCENT_COLOR_NAME = AccentColor;
				CODE_SIGN_STYLE = Automatic;
				CURRENT_PROJECT_VERSION = 1;
				DEVELOPMENT_ASSET_PATHS = "\"PopcornSwirl/Preview Content\"";
				DEVELOPMENT_TEAM = 6WAA8E6R87;
				ENABLE_PREVIEWS = YES;
				GENERATE_INFOPLIST_FILE = YES;
				INFOPLIST_KEY_UIApplicationSceneManifest_Generation = YES;
				INFOPLIST_KEY_UIApplicationSupportsIndirectInputEvents = YES;
				INFOPLIST_KEY_UILaunchScreen_Generation = YES;
				INFOPLIST_KEY_UISupportedInterfaceOrientations_iPad = "UIInterfaceOrientationPortrait UIInterfaceOrientationPortraitUpsideDown UIInterfaceOrientationLandscapeLeft UIInterfaceOrientationLandscapeRight";
				INFOPLIST_KEY_UISupportedInterfaceOrientations_iPhone = "UIInterfaceOrientationPortrait UIInterfaceOrientationLandscapeLeft UIInterfaceOrientationLandscapeRight";
				LD_RUNPATH_SEARCH_PATHS = (
					"$(inherited)",
					"@executable_path/Frameworks",
				);
				MARKETING_VERSION = 1.0;
				PRODUCT_BUNDLE_IDENTIFIER = com.melnelen.PopcornSwirl;
				PRODUCT_NAME = "$(TARGET_NAME)";
				SWIFT_EMIT_LOC_STRINGS = YES;
				SWIFT_VERSION = 5.0;
				TARGETED_DEVICE_FAMILY = "1,2";
			};
			name = Release;
		};
		194F79032BE97DCE004ABCA0 /* Debug */ = {
			isa = XCBuildConfiguration;
			buildSettings = {
				ALWAYS_EMBED_SWIFT_STANDARD_LIBRARIES = YES;
				BUNDLE_LOADER = "$(TEST_HOST)";
				CODE_SIGN_STYLE = Automatic;
				CURRENT_PROJECT_VERSION = 1;
				DEVELOPMENT_TEAM = 6WAA8E6R87;
				GENERATE_INFOPLIST_FILE = YES;
				IPHONEOS_DEPLOYMENT_TARGET = 17.4;
				MARKETING_VERSION = 1.0;
				PRODUCT_BUNDLE_IDENTIFIER = com.melnelen.PopcornSwirlTests;
				PRODUCT_NAME = "$(TARGET_NAME)";
				SWIFT_EMIT_LOC_STRINGS = NO;
				SWIFT_VERSION = 5.0;
				TARGETED_DEVICE_FAMILY = "1,2";
				TEST_HOST = "$(BUILT_PRODUCTS_DIR)/PopcornSwirl.app/$(BUNDLE_EXECUTABLE_FOLDER_PATH)/PopcornSwirl";
			};
			name = Debug;
		};
		194F79042BE97DCE004ABCA0 /* Release */ = {
			isa = XCBuildConfiguration;
			buildSettings = {
				ALWAYS_EMBED_SWIFT_STANDARD_LIBRARIES = YES;
				BUNDLE_LOADER = "$(TEST_HOST)";
				CODE_SIGN_STYLE = Automatic;
				CURRENT_PROJECT_VERSION = 1;
				DEVELOPMENT_TEAM = 6WAA8E6R87;
				GENERATE_INFOPLIST_FILE = YES;
				IPHONEOS_DEPLOYMENT_TARGET = 17.4;
				MARKETING_VERSION = 1.0;
				PRODUCT_BUNDLE_IDENTIFIER = com.melnelen.PopcornSwirlTests;
				PRODUCT_NAME = "$(TARGET_NAME)";
				SWIFT_EMIT_LOC_STRINGS = NO;
				SWIFT_VERSION = 5.0;
				TARGETED_DEVICE_FAMILY = "1,2";
				TEST_HOST = "$(BUILT_PRODUCTS_DIR)/PopcornSwirl.app/$(BUNDLE_EXECUTABLE_FOLDER_PATH)/PopcornSwirl";
			};
			name = Release;
		};
		194F79062BE97DCE004ABCA0 /* Debug */ = {
			isa = XCBuildConfiguration;
			buildSettings = {
				ALWAYS_EMBED_SWIFT_STANDARD_LIBRARIES = YES;
				CODE_SIGN_STYLE = Automatic;
				CURRENT_PROJECT_VERSION = 1;
				DEVELOPMENT_TEAM = 6WAA8E6R87;
				GENERATE_INFOPLIST_FILE = YES;
				MARKETING_VERSION = 1.0;
				PRODUCT_BUNDLE_IDENTIFIER = com.melnelen.PopcornSwirlUITests;
				PRODUCT_NAME = "$(TARGET_NAME)";
				SWIFT_EMIT_LOC_STRINGS = NO;
				SWIFT_VERSION = 5.0;
				TARGETED_DEVICE_FAMILY = "1,2";
				TEST_TARGET_NAME = PopcornSwirl;
			};
			name = Debug;
		};
		194F79072BE97DCE004ABCA0 /* Release */ = {
			isa = XCBuildConfiguration;
			buildSettings = {
				ALWAYS_EMBED_SWIFT_STANDARD_LIBRARIES = YES;
				CODE_SIGN_STYLE = Automatic;
				CURRENT_PROJECT_VERSION = 1;
				DEVELOPMENT_TEAM = 6WAA8E6R87;
				GENERATE_INFOPLIST_FILE = YES;
				MARKETING_VERSION = 1.0;
				PRODUCT_BUNDLE_IDENTIFIER = com.melnelen.PopcornSwirlUITests;
				PRODUCT_NAME = "$(TARGET_NAME)";
				SWIFT_EMIT_LOC_STRINGS = NO;
				SWIFT_VERSION = 5.0;
				TARGETED_DEVICE_FAMILY = "1,2";
				TEST_TARGET_NAME = PopcornSwirl;
			};
			name = Release;
		};
/* End XCBuildConfiguration section */

/* Begin XCConfigurationList section */
		194F78D42BE97DCA004ABCA0 /* Build configuration list for PBXProject "PopcornSwirl" */ = {
			isa = XCConfigurationList;
			buildConfigurations = (
				194F78FD2BE97DCE004ABCA0 /* Debug */,
				194F78FE2BE97DCE004ABCA0 /* Release */,
			);
			defaultConfigurationIsVisible = 0;
			defaultConfigurationName = Release;
		};
		194F78FF2BE97DCE004ABCA0 /* Build configuration list for PBXNativeTarget "PopcornSwirl" */ = {
			isa = XCConfigurationList;
			buildConfigurations = (
				194F79002BE97DCE004ABCA0 /* Debug */,
				194F79012BE97DCE004ABCA0 /* Release */,
			);
			defaultConfigurationIsVisible = 0;
			defaultConfigurationName = Release;
		};
		194F79022BE97DCE004ABCA0 /* Build configuration list for PBXNativeTarget "PopcornSwirlTests" */ = {
			isa = XCConfigurationList;
			buildConfigurations = (
				194F79032BE97DCE004ABCA0 /* Debug */,
				194F79042BE97DCE004ABCA0 /* Release */,
			);
			defaultConfigurationIsVisible = 0;
			defaultConfigurationName = Release;
		};
		194F79052BE97DCE004ABCA0 /* Build configuration list for PBXNativeTarget "PopcornSwirlUITests" */ = {
			isa = XCConfigurationList;
			buildConfigurations = (
				194F79062BE97DCE004ABCA0 /* Debug */,
				194F79072BE97DCE004ABCA0 /* Release */,
			);
			defaultConfigurationIsVisible = 0;
			defaultConfigurationName = Release;
		};
/* End XCConfigurationList section */
	};
	rootObject = 194F78D12BE97DCA004ABCA0 /* Project object */;
}
