// !$*UTF8*$!
{
	archiveVersion = 1;
	classes = {
	};
	objectVersion = 56;
	objects = {

/* Begin PBXBuildFile section */
		194F78DD2BE97DCA004ABCA0 /* PopcornSwirlApp.swift in Sources */ = {isa = PBXBuildFile; fileRef = 194F78DC2BE97DCA004ABCA0 /* PopcornSwirlApp.swift */; };
		194F78DF2BE97DCA004ABCA0 /* HomeView.swift in Sources */ = {isa = PBXBuildFile; fileRef = 194F78DE2BE97DCA004ABCA0 /* HomeView.swift */; };
		194F78E32BE97DCE004ABCA0 /* Assets.xcassets in Resources */ = {isa = PBXBuildFile; fileRef = 194F78E22BE97DCE004ABCA0 /* Assets.xcassets */; };
		194F78E62BE97DCE004ABCA0 /* Preview Assets.xcassets in Resources */ = {isa = PBXBuildFile; fileRef = 194F78E52BE97DCE004ABCA0 /* Preview Assets.xcassets */; };
		194F78F02BE97DCE004ABCA0 /* PopcornSwirlTests.swift in Sources */ = {isa = PBXBuildFile; fileRef = 194F78EF2BE97DCE004ABCA0 /* PopcornSwirlTests.swift */; };
		194F78FA2BE97DCE004ABCA0 /* PopcornSwirlUITests.swift in Sources */ = {isa = PBXBuildFile; fileRef = 194F78F92BE97DCE004ABCA0 /* PopcornSwirlUITests.swift */; };
		194F78FC2BE97DCE004ABCA0 /* PopcornSwirlUITestsLaunchTests.swift in Sources */ = {isa = PBXBuildFile; fileRef = 194F78FB2BE97DCE004ABCA0 /* PopcornSwirlUITestsLaunchTests.swift */; };
		194F79092BE9813B004ABCA0 /* MovieListView.swift in Sources */ = {isa = PBXBuildFile; fileRef = 194F79082BE9813B004ABCA0 /* MovieListView.swift */; };
		194F790B2BE982AC004ABCA0 /* MovieDetailView.swift in Sources */ = {isa = PBXBuildFile; fileRef = 194F790A2BE982AC004ABCA0 /* MovieDetailView.swift */; };
		194F790D2BE98503004ABCA0 /* Movie.swift in Sources */ = {isa = PBXBuildFile; fileRef = 194F790C2BE98503004ABCA0 /* Movie.swift */; };
		194F790F2BEA162C004ABCA0 /* ContentView.swift in Sources */ = {isa = PBXBuildFile; fileRef = 194F790E2BEA162C004ABCA0 /* ContentView.swift */; };
		194F79112BEA17DB004ABCA0 /* AdView.swift in Sources */ = {isa = PBXBuildFile; fileRef = 194F79102BEA17DB004ABCA0 /* AdView.swift */; };
		194F79132BEA3DAC004ABCA0 /* MovieRow.swift in Sources */ = {isa = PBXBuildFile; fileRef = 194F79122BEA3DAC004ABCA0 /* MovieRow.swift */; };
		194F79152BEA40E8004ABCA0 /* MovieCardView.swift in Sources */ = {isa = PBXBuildFile; fileRef = 194F79142BEA40E8004ABCA0 /* MovieCardView.swift */; };
/* End PBXBuildFile section */

/* Begin PBXContainerItemProxy section */
		194F78EC2BE97DCE004ABCA0 /* PBXContainerItemProxy */ = {
			isa = PBXContainerItemProxy;
			containerPortal = 194F78D12BE97DCA004ABCA0 /* Project object */;
			proxyType = 1;
			remoteGlobalIDString = 194F78D82BE97DCA004ABCA0;
			remoteInfo = PopcornSwirl;
		};
		194F78F62BE97DCE004ABCA0 /* PBXContainerItemProxy */ = {
			isa = PBXContainerItemProxy;
			containerPortal = 194F78D12BE97DCA004ABCA0 /* Project object */;
			proxyType = 1;
			remoteGlobalIDString = 194F78D82BE97DCA004ABCA0;
			remoteInfo = PopcornSwirl;
		};
/* End PBXContainerItemProxy section */

/* Begin PBXFileReference section */
		194F78D92BE97DCA004ABCA0 /* PopcornSwirl.app */ = {isa = PBXFileReference; explicitFileType = wrapper.application; includeInIndex = 0; path = PopcornSwirl.app; sourceTree = BUILT_PRODUCTS_DIR; };
		194F78DC2BE97DCA004ABCA0 /* PopcornSwirlApp.swift */ = {isa = PBXFileReference; lastKnownFileType = sourcecode.swift; path = PopcornSwirlApp.swift; sourceTree = "<group>"; };
		194F78DE2BE97DCA004ABCA0 /* HomeView.swift */ = {isa = PBXFileReference; lastKnownFileType = sourcecode.swift; path = HomeView.swift; sourceTree = "<group>"; };
		194F78E22BE97DCE004ABCA0 /* Assets.xcassets */ = {isa = PBXFileReference; lastKnownFileType = folder.assetcatalog; path = Assets.xcassets; sourceTree = "<group>"; };
		194F78E52BE97DCE004ABCA0 /* Preview Assets.xcassets */ = {isa = PBXFileReference; lastKnownFileType = folder.assetcatalog; path = "Preview Assets.xcassets"; sourceTree = "<group>"; };
		194F78EB2BE97DCE004ABCA0 /* PopcornSwirlTests.xctest */ = {isa = PBXFileReference; explicitFileType = wrapper.cfbundle; includeInIndex = 0; path = PopcornSwirlTests.xctest; sourceTree = BUILT_PRODUCTS_DIR; };
		194F78EF2BE97DCE004ABCA0 /* PopcornSwirlTests.swift */ = {isa = PBXFileReference; lastKnownFileType = sourcecode.swift; path = PopcornSwirlTests.swift; sourceTree = "<group>"; };
		194F78F52BE97DCE004ABCA0 /* PopcornSwirlUITests.xctest */ = {isa = PBXFileReference; explicitFileType = wrapper.cfbundle; includeInIndex = 0; path = PopcornSwirlUITests.xctest; sourceTree = BUILT_PRODUCTS_DIR; };
		194F78F92BE97DCE004ABCA0 /* PopcornSwirlUITests.swift */ = {isa = PBXFileReference; lastKnownFileType = sourcecode.swift; path = PopcornSwirlUITests.swift; sourceTree = "<group>"; };
		194F78FB2BE97DCE004ABCA0 /* PopcornSwirlUITestsLaunchTests.swift */ = {isa = PBXFileReference; lastKnownFileType = sourcecode.swift; path = PopcornSwirlUITestsLaunchTests.swift; sourceTree = "<group>"; };
		194F79082BE9813B004ABCA0 /* MovieListView.swift */ = {isa = PBXFileReference; lastKnownFileType = sourcecode.swift; path = MovieListView.swift; sourceTree = "<group>"; };
		194F790A2BE982AC004ABCA0 /* MovieDetailView.swift */ = {isa = PBXFileReference; lastKnownFileType = sourcecode.swift; path = MovieDetailView.swift; sourceTree = "<group>"; };
		194F790C2BE98503004ABCA0 /* Movie.swift */ = {isa = PBXFileReference; lastKnownFileType = sourcecode.swift; path = Movie.swift; sourceTree = "<group>"; };
		194F790E2BEA162C004ABCA0 /* ContentView.swift */ = {isa = PBXFileReference; lastKnownFileType = sourcecode.swift; path = ContentView.swift; sourceTree = "<group>"; };
		194F79102BEA17DB004ABCA0 /* AdView.swift */ = {isa = PBXFileReference; lastKnownFileType = sourcecode.swift; path = AdView.swift; sourceTree = "<group>"; };
		194F79122BEA3DAC004ABCA0 /* MovieRow.swift */ = {isa = PBXFileReference; lastKnownFileType = sourcecode.swift; path = MovieRow.swift; sourceTree = "<group>"; };
		194F79142BEA40E8004ABCA0 /* MovieCardView.swift */ = {isa = PBXFileReference; lastKnownFileType = sourcecode.swift; path = MovieCardView.swift; sourceTree = "<group>"; };
/* End PBXFileReference section */

/* Begin PBXFrameworksBuildPhase section */
		194F78D62BE97DCA004ABCA0 /* Frameworks */ = {
			isa = PBXFrameworksBuildPhase;
			buildActionMask = 2147483647;
			files = (
			);
			runOnlyForDeploymentPostprocessing = 0;
		};
		194F78E82BE97DCE004ABCA0 /* Frameworks */ = {
			isa = PBXFrameworksBuildPhase;
			buildActionMask = 2147483647;
			files = (
			);
			runOnlyForDeploymentPostprocessing = 0;
		};
		194F78F22BE97DCE004ABCA0 /* Frameworks */ = {
			isa = PBXFrameworksBuildPhase;
			buildActionMask = 2147483647;
			files = (
			);
			runOnlyForDeploymentPostprocessing = 0;
		};
/* End PBXFrameworksBuildPhase section */

/* Begin PBXGroup section */
		194F78D02BE97DCA004ABCA0 = {
			isa = PBXGroup;
			children = (
				194F78DB2BE97DCA004ABCA0 /* PopcornSwirl */,
				194F78EE2BE97DCE004ABCA0 /* PopcornSwirlTests */,
				194F78F82BE97DCE004ABCA0 /* PopcornSwirlUITests */,
				194F78DA2BE97DCA004ABCA0 /* Products */,
			);
			sourceTree = "<group>";
		};
		194F78DA2BE97DCA004ABCA0 /* Products */ = {
			isa = PBXGroup;
			children = (
				194F78D92BE97DCA004ABCA0 /* PopcornSwirl.app */,
				194F78EB2BE97DCE004ABCA0 /* PopcornSwirlTests.xctest */,
				194F78F52BE97DCE004ABCA0 /* PopcornSwirlUITests.xctest */,
			);
			name = Products;
			sourceTree = "<group>";
		};
		194F78DB2BE97DCA004ABCA0 /* PopcornSwirl */ = {
			isa = PBXGroup;
			children = (
				194F78DC2BE97DCA004ABCA0 /* PopcornSwirlApp.swift */,
				194F790E2BEA162C004ABCA0 /* ContentView.swift */,
				194F78DE2BE97DCA004ABCA0 /* HomeView.swift */,
				194F79082BE9813B004ABCA0 /* MovieListView.swift */,
				194F79122BEA3DAC004ABCA0 /* MovieRow.swift */,
				194F790A2BE982AC004ABCA0 /* MovieDetailView.swift */,
				194F79102BEA17DB004ABCA0 /* AdView.swift */,
				194F790C2BE98503004ABCA0 /* Movie.swift */,
				194F78E22BE97DCE004ABCA0 /* Assets.xcassets */,
				194F78E42BE97DCE004ABCA0 /* Preview Content */,
				194F79142BEA40E8004ABCA0 /* MovieCardView.swift */,
			);
			path = PopcornSwirl;
			sourceTree = "<group>";
		};
		194F78E42BE97DCE004ABCA0 /* Preview Content */ = {
			isa = PBXGroup;
			children = (
				194F78E52BE97DCE004ABCA0 /* Preview Assets.xcassets */,
			);
			path = "Preview Content";
			sourceTree = "<group>";
		};
		194F78EE2BE97DCE004ABCA0 /* PopcornSwirlTests */ = {
			isa = PBXGroup;
			children = (
				194F78EF2BE97DCE004ABCA0 /* PopcornSwirlTests.swift */,
			);
			path = PopcornSwirlTests;
			sourceTree = "<group>";
		};
		194F78F82BE97DCE004ABCA0 /* PopcornSwirlUITests */ = {
			isa = PBXGroup;
			children = (
				194F78F92BE97DCE004ABCA0 /* PopcornSwirlUITests.swift */,
				194F78FB2BE97DCE004ABCA0 /* PopcornSwirlUITestsLaunchTests.swift */,
			);
			path = PopcornSwirlUITests;
			sourceTree = "<group>";
		};
/* End PBXGroup section */

/* Begin PBXNativeTarget section */
		194F78D82BE97DCA004ABCA0 /* PopcornSwirl */ = {
			isa = PBXNativeTarget;
			buildConfigurationList = 194F78FF2BE97DCE004ABCA0 /* Build configuration list for PBXNativeTarget "PopcornSwirl" */;
			buildPhases = (
				194F78D52BE97DCA004ABCA0 /* Sources */,
				194F78D62BE97DCA004ABCA0 /* Frameworks */,
				194F78D72BE97DCA004ABCA0 /* Resources */,
			);
			buildRules = (
			);
			dependencies = (
			);
			name = PopcornSwirl;
			productName = PopcornSwirl;
			productReference = 194F78D92BE97DCA004ABCA0 /* PopcornSwirl.app */;
			productType = "com.apple.product-type.application";
		};
		194F78EA2BE97DCE004ABCA0 /* PopcornSwirlTests */ = {
			isa = PBXNativeTarget;
			buildConfigurationList = 194F79022BE97DCE004ABCA0 /* Build configuration list for PBXNativeTarget "PopcornSwirlTests" */;
			buildPhases = (
				194F78E72BE97DCE004ABCA0 /* Sources */,
				194F78E82BE97DCE004ABCA0 /* Frameworks */,
				194F78E92BE97DCE004ABCA0 /* Resources */,
			);
			buildRules = (
			);
			dependencies = (
				194F78ED2BE97DCE004ABCA0 /* PBXTargetDependency */,
			);
			name = PopcornSwirlTests;
			productName = PopcornSwirlTests;
			productReference = 194F78EB2BE97DCE004ABCA0 /* PopcornSwirlTests.xctest */;
			productType = "com.apple.product-type.bundle.unit-test";
		};
		194F78F42BE97DCE004ABCA0 /* PopcornSwirlUITests */ = {
			isa = PBXNativeTarget;
			buildConfigurationList = 194F79052BE97DCE004ABCA0 /* Build configuration list for PBXNativeTarget "PopcornSwirlUITests" */;
			buildPhases = (
				194F78F12BE97DCE004ABCA0 /* Sources */,
				194F78F22BE97DCE004ABCA0 /* Frameworks */,
				194F78F32BE97DCE004ABCA0 /* Resources */,
			);
			buildRules = (
			);
			dependencies = (
				194F78F72BE97DCE004ABCA0 /* PBXTargetDependency */,
			);
			name = PopcornSwirlUITests;
			productName = PopcornSwirlUITests;
			productReference = 194F78F52BE97DCE004ABCA0 /* PopcornSwirlUITests.xctest */;
			productType = "com.apple.product-type.bundle.ui-testing";
		};
/* End PBXNativeTarget section */

/* Begin PBXProject section */
		194F78D12BE97DCA004ABCA0 /* Project object */ = {
			isa = PBXProject;
			attributes = {
				BuildIndependentTargetsInParallel = 1;
				LastSwiftUpdateCheck = 1530;
				LastUpgradeCheck = 1530;
				TargetAttributes = {
					194F78D82BE97DCA004ABCA0 = {
						CreatedOnToolsVersion = 15.3;
					};
					194F78EA2BE97DCE004ABCA0 = {
						CreatedOnToolsVersion = 15.3;
						TestTargetID = 194F78D82BE97DCA004ABCA0;
					};
					194F78F42BE97DCE004ABCA0 = {
						CreatedOnToolsVersion = 15.3;
						TestTargetID = 194F78D82BE97DCA004ABCA0;
					};
				};
			};
			buildConfigurationList = 194F78D42BE97DCA004ABCA0 /* Build configuration list for PBXProject "PopcornSwirl" */;
			compatibilityVersion = "Xcode 14.0";
			developmentRegion = en;
			hasScannedForEncodings = 0;
			knownRegions = (
				en,
				Base,
			);
			mainGroup = 194F78D02BE97DCA004ABCA0;
			productRefGroup = 194F78DA2BE97DCA004ABCA0 /* Products */;
			projectDirPath = "";
			projectRoot = "";
			targets = (
				194F78D82BE97DCA004ABCA0 /* PopcornSwirl */,
				194F78EA2BE97DCE004ABCA0 /* PopcornSwirlTests */,
				194F78F42BE97DCE004ABCA0 /* PopcornSwirlUITests */,
			);
		};
/* End PBXProject section */

/* Begin PBXResourcesBuildPhase section */
		194F78D72BE97DCA004ABCA0 /* Resources */ = {
			isa = PBXResourcesBuildPhase;
			buildActionMask = 2147483647;
			files = (
				194F78E62BE97DCE004ABCA0 /* Preview Assets.xcassets in Resources */,
				194F78E32BE97DCE004ABCA0 /* Assets.xcassets in Resources */,
			);
			runOnlyForDeploymentPostprocessing = 0;
		};
		194F78E92BE97DCE004ABCA0 /* Resources */ = {
			isa = PBXResourcesBuildPhase;
			buildActionMask = 2147483647;
			files = (
			);
			runOnlyForDeploymentPostprocessing = 0;
		};
		194F78F32BE97DCE004ABCA0 /* Resources */ = {
			isa = PBXResourcesBuildPhase;
			buildActionMask = 2147483647;
			files = (
			);
			runOnlyForDeploymentPostprocessing = 0;
		};
/* End PBXResourcesBuildPhase section */

/* Begin PBXSourcesBuildPhase section */
		194F78D52BE97DCA004ABCA0 /* Sources */ = {
			isa = PBXSourcesBuildPhase;
			buildActionMask = 2147483647;
			files = (
				194F790B2BE982AC004ABCA0 /* MovieDetailView.swift in Sources */,
				194F79132BEA3DAC004ABCA0 /* MovieRow.swift in Sources */,
				194F78DF2BE97DCA004ABCA0 /* HomeView.swift in Sources */,
				194F790F2BEA162C004ABCA0 /* ContentView.swift in Sources */,
				194F79152BEA40E8004ABCA0 /* MovieCardView.swift in Sources */,
				194F79112BEA17DB004ABCA0 /* AdView.swift in Sources */,
				194F790D2BE98503004ABCA0 /* Movie.swift in Sources */,
				194F79092BE9813B004ABCA0 /* MovieListView.swift in Sources */,
				194F78DD2BE97DCA004ABCA0 /* PopcornSwirlApp.swift in Sources */,
			);
			runOnlyForDeploymentPostprocessing = 0;
		};
		194F78E72BE97DCE004ABCA0 /* Sources */ = {
			isa = PBXSourcesBuildPhase;
			buildActionMask = 2147483647;
			files = (
				194F78F02BE97DCE004ABCA0 /* PopcornSwirlTests.swift in Sources */,
			);
			runOnlyForDeploymentPostprocessing = 0;
		};
		194F78F12BE97DCE004ABCA0 /* Sources */ = {
			isa = PBXSourcesBuildPhase;
			buildActionMask = 2147483647;
			files = (
				194F78FC2BE97DCE004ABCA0 /* PopcornSwirlUITestsLaunchTests.swift in Sources */,
				194F78FA2BE97DCE004ABCA0 /* PopcornSwirlUITests.swift in Sources */,
			);
			runOnlyForDeploymentPostprocessing = 0;
		};
/* End PBXSourcesBuildPhase section */

/* Begin PBXTargetDependency section */
		194F78ED2BE97DCE004ABCA0 /* PBXTargetDependency */ = {
			isa = PBXTargetDependency;
			target = 194F78D82BE97DCA004ABCA0 /* PopcornSwirl */;
			targetProxy = 194F78EC2BE97DCE004ABCA0 /* PBXContainerItemProxy */;
		};
		194F78F72BE97DCE004ABCA0 /* PBXTargetDependency */ = {
			isa = PBXTargetDependency;
			target = 194F78D82BE97DCA004ABCA0 /* PopcornSwirl */;
			targetProxy = 194F78F62BE97DCE004ABCA0 /* PBXContainerItemProxy */;
		};
/* End PBXTargetDependency section */

/* Begin XCBuildConfiguration section */
		194F78FD2BE97DCE004ABCA0 /* Debug */ = {
			isa = XCBuildConfiguration;
			buildSettings = {
				ALWAYS_SEARCH_USER_PATHS = NO;
				ASSETCATALOG_COMPILER_GENERATE_SWIFT_ASSET_SYMBOL_EXTENSIONS = YES;
				CLANG_ANALYZER_NONNULL = YES;
				CLANG_ANALYZER_NUMBER_OBJECT_CONVERSION = YES_AGGRESSIVE;
				CLANG_CXX_LANGUAGE_STANDARD = "gnu++20";
				CLANG_ENABLE_MODULES = YES;
				CLANG_ENABLE_OBJC_ARC = YES;
				CLANG_ENABLE_OBJC_WEAK = YES;
				CLANG_WARN_BLOCK_CAPTURE_AUTORELEASING = YES;
				CLANG_WARN_BOOL_CONVERSION = YES;
				CLANG_WARN_COMMA = YES;
				CLANG_WARN_CONSTANT_CONVERSION = YES;
				CLANG_WARN_DEPRECATED_OBJC_IMPLEMENTATIONS = YES;
				CLANG_WARN_DIRECT_OBJC_ISA_USAGE = YES_ERROR;
				CLANG_WARN_DOCUMENTATION_COMMENTS = YES;
				CLANG_WARN_EMPTY_BODY = YES;
				CLANG_WARN_ENUM_CONVERSION = YES;
				CLANG_WARN_INFINITE_RECURSION = YES;
				CLANG_WARN_INT_CONVERSION = YES;
				CLANG_WARN_NON_LITERAL_NULL_CONVERSION = YES;
				CLANG_WARN_OBJC_IMPLICIT_RETAIN_SELF = YES;
				CLANG_WARN_OBJC_LITERAL_CONVERSION = YES;
				CLANG_WARN_OBJC_ROOT_CLASS = YES_ERROR;
				CLANG_WARN_QUOTED_INCLUDE_IN_FRAMEWORK_HEADER = YES;
				CLANG_WARN_RANGE_LOOP_ANALYSIS = YES;
				CLANG_WARN_STRICT_PROTOTYPES = YES;
				CLANG_WARN_SUSPICIOUS_MOVE = YES;
				CLANG_WARN_UNGUARDED_AVAILABILITY = YES_AGGRESSIVE;
				CLANG_WARN_UNREACHABLE_CODE = YES;
				CLANG_WARN__DUPLICATE_METHOD_MATCH = YES;
				COPY_PHASE_STRIP = NO;
				DEBUG_INFORMATION_FORMAT = dwarf;
				ENABLE_STRICT_OBJC_MSGSEND = YES;
				ENABLE_TESTABILITY = YES;
				ENABLE_USER_SCRIPT_SANDBOXING = YES;
				GCC_C_LANGUAGE_STANDARD = gnu17;
				GCC_DYNAMIC_NO_PIC = NO;
				GCC_NO_COMMON_BLOCKS = YES;
				GCC_OPTIMIZATION_LEVEL = 0;
				GCC_PREPROCESSOR_DEFINITIONS = (
					"DEBUG=1",
					"$(inherited)",
				);
				GCC_WARN_64_TO_32_BIT_CONVERSION = YES;
				GCC_WARN_ABOUT_RETURN_TYPE = YES_ERROR;
				GCC_WARN_UNDECLARED_SELECTOR = YES;
				GCC_WARN_UNINITIALIZED_AUTOS = YES_AGGRESSIVE;
				GCC_WARN_UNUSED_FUNCTION = YES;
				GCC_WARN_UNUSED_VARIABLE = YES;
				IPHONEOS_DEPLOYMENT_TARGET = 17.4;
				LOCALIZATION_PREFERS_STRING_CATALOGS = YES;
				MTL_ENABLE_DEBUG_INFO = INCLUDE_SOURCE;
				MTL_FAST_MATH = YES;
				ONLY_ACTIVE_ARCH = YES;
				SDKROOT = iphoneos;
				SWIFT_ACTIVE_COMPILATION_CONDITIONS = "DEBUG $(inherited)";
				SWIFT_OPTIMIZATION_LEVEL = "-Onone";
			};
			name = Debug;
		};
		194F78FE2BE97DCE004ABCA0 /* Release */ = {
			isa = XCBuildConfiguration;
			buildSettings = {
				ALWAYS_SEARCH_USER_PATHS = NO;
				ASSETCATALOG_COMPILER_GENERATE_SWIFT_ASSET_SYMBOL_EXTENSIONS = YES;
				CLANG_ANALYZER_NONNULL = YES;
				CLANG_ANALYZER_NUMBER_OBJECT_CONVERSION = YES_AGGRESSIVE;
				CLANG_CXX_LANGUAGE_STANDARD = "gnu++20";
				CLANG_ENABLE_MODULES = YES;
				CLANG_ENABLE_OBJC_ARC = YES;
				CLANG_ENABLE_OBJC_WEAK = YES;
				CLANG_WARN_BLOCK_CAPTURE_AUTORELEASING = YES;
				CLANG_WARN_BOOL_CONVERSION = YES;
				CLANG_WARN_COMMA = YES;
				CLANG_WARN_CONSTANT_CONVERSION = YES;
				CLANG_WARN_DEPRECATED_OBJC_IMPLEMENTATIONS = YES;
				CLANG_WARN_DIRECT_OBJC_ISA_USAGE = YES_ERROR;
				CLANG_WARN_DOCUMENTATION_COMMENTS = YES;
				CLANG_WARN_EMPTY_BODY = YES;
				CLANG_WARN_ENUM_CONVERSION = YES;
				CLANG_WARN_INFINITE_RECURSION = YES;
				CLANG_WARN_INT_CONVERSION = YES;
				CLANG_WARN_NON_LITERAL_NULL_CONVERSION = YES;
				CLANG_WARN_OBJC_IMPLICIT_RETAIN_SELF = YES;
				CLANG_WARN_OBJC_LITERAL_CONVERSION = YES;
				CLANG_WARN_OBJC_ROOT_CLASS = YES_ERROR;
				CLANG_WARN_QUOTED_INCLUDE_IN_FRAMEWORK_HEADER = YES;
				CLANG_WARN_RANGE_LOOP_ANALYSIS = YES;
				CLANG_WARN_STRICT_PROTOTYPES = YES;
				CLANG_WARN_SUSPICIOUS_MOVE = YES;
				CLANG_WARN_UNGUARDED_AVAILABILITY = YES_AGGRESSIVE;
				CLANG_WARN_UNREACHABLE_CODE = YES;
				CLANG_WARN__DUPLICATE_METHOD_MATCH = YES;
				COPY_PHASE_STRIP = NO;
				DEBUG_INFORMATION_FORMAT = "dwarf-with-dsym";
				ENABLE_NS_ASSERTIONS = NO;
				ENABLE_STRICT_OBJC_MSGSEND = YES;
				ENABLE_USER_SCRIPT_SANDBOXING = YES;
				GCC_C_LANGUAGE_STANDARD = gnu17;
				GCC_NO_COMMON_BLOCKS = YES;
				GCC_WARN_64_TO_32_BIT_CONVERSION = YES;
				GCC_WARN_ABOUT_RETURN_TYPE = YES_ERROR;
				GCC_WARN_UNDECLARED_SELECTOR = YES;
				GCC_WARN_UNINITIALIZED_AUTOS = YES_AGGRESSIVE;
				GCC_WARN_UNUSED_FUNCTION = YES;
				GCC_WARN_UNUSED_VARIABLE = YES;
				IPHONEOS_DEPLOYMENT_TARGET = 17.4;
				LOCALIZATION_PREFERS_STRING_CATALOGS = YES;
				MTL_ENABLE_DEBUG_INFO = NO;
				MTL_FAST_MATH = YES;
				SDKROOT = iphoneos;
				SWIFT_COMPILATION_MODE = wholemodule;
				VALIDATE_PRODUCT = YES;
			};
			name = Release;
		};
		194F79002BE97DCE004ABCA0 /* Debug */ = {
			isa = XCBuildConfiguration;
			buildSettings = {
				ASSETCATALOG_COMPILER_APPICON_NAME = AppIcon;
				ASSETCATALOG_COMPILER_GLOBAL_ACCENT_COLOR_NAME = AccentColor;
				CODE_SIGN_STYLE = Automatic;
				CURRENT_PROJECT_VERSION = 1;
				DEVELOPMENT_ASSET_PATHS = "\"PopcornSwirl/Preview Content\"";
				DEVELOPMENT_TEAM = 6WAA8E6R87;
				ENABLE_PREVIEWS = YES;
				GENERATE_INFOPLIST_FILE = YES;
				INFOPLIST_KEY_UIApplicationSceneManifest_Generation = YES;
				INFOPLIST_KEY_UIApplicationSupportsIndirectInputEvents = YES;
				INFOPLIST_KEY_UILaunchScreen_Generation = YES;
				INFOPLIST_KEY_UISupportedInterfaceOrientations_iPad = "UIInterfaceOrientationPortrait UIInterfaceOrientationPortraitUpsideDown UIInterfaceOrientationLandscapeLeft UIInterfaceOrientationLandscapeRight";
				INFOPLIST_KEY_UISupportedInterfaceOrientations_iPhone = "UIInterfaceOrientationPortrait UIInterfaceOrientationLandscapeLeft UIInterfaceOrientationLandscapeRight";
				LD_RUNPATH_SEARCH_PATHS = (
					"$(inherited)",
					"@executable_path/Frameworks",
				);
				MARKETING_VERSION = 1.0;
				PRODUCT_BUNDLE_IDENTIFIER = com.melnelen.PopcornSwirl;
				PRODUCT_NAME = "$(TARGET_NAME)";
				SWIFT_EMIT_LOC_STRINGS = YES;
				SWIFT_VERSION = 5.0;
				TARGETED_DEVICE_FAMILY = "1,2";
			};
			name = Debug;
		};
		194F79012BE97DCE004ABCA0 /* Release */ = {
			isa = XCBuildConfiguration;
			buildSettings = {
				ASSETCATALOG_COMPILER_APPICON_NAME = AppIcon;
				ASSETCATALOG_COMPILER_GLOBAL_ACCENT_COLOR_NAME = AccentColor;
				CODE_SIGN_STYLE = Automatic;
				CURRENT_PROJECT_VERSION = 1;
				DEVELOPMENT_ASSET_PATHS = "\"PopcornSwirl/Preview Content\"";
				DEVELOPMENT_TEAM = 6WAA8E6R87;
				ENABLE_PREVIEWS = YES;
				GENERATE_INFOPLIST_FILE = YES;
				INFOPLIST_KEY_UIApplicationSceneManifest_Generation = YES;
				INFOPLIST_KEY_UIApplicationSupportsIndirectInputEvents = YES;
				INFOPLIST_KEY_UILaunchScreen_Generation = YES;
				INFOPLIST_KEY_UISupportedInterfaceOrientations_iPad = "UIInterfaceOrientationPortrait UIInterfaceOrientationPortraitUpsideDown UIInterfaceOrientationLandscapeLeft UIInterfaceOrientationLandscapeRight";
				INFOPLIST_KEY_UISupportedInterfaceOrientations_iPhone = "UIInterfaceOrientationPortrait UIInterfaceOrientationLandscapeLeft UIInterfaceOrientationLandscapeRight";
				LD_RUNPATH_SEARCH_PATHS = (
					"$(inherited)",
					"@executable_path/Frameworks",
				);
				MARKETING_VERSION = 1.0;
				PRODUCT_BUNDLE_IDENTIFIER = com.melnelen.PopcornSwirl;
				PRODUCT_NAME = "$(TARGET_NAME)";
				SWIFT_EMIT_LOC_STRINGS = YES;
				SWIFT_VERSION = 5.0;
				TARGETED_DEVICE_FAMILY = "1,2";
			};
			name = Release;
		};
		194F79032BE97DCE004ABCA0 /* Debug */ = {
			isa = XCBuildConfiguration;
			buildSettings = {
				ALWAYS_EMBED_SWIFT_STANDARD_LIBRARIES = YES;
				BUNDLE_LOADER = "$(TEST_HOST)";
				CODE_SIGN_STYLE = Automatic;
				CURRENT_PROJECT_VERSION = 1;
				DEVELOPMENT_TEAM = 6WAA8E6R87;
				GENERATE_INFOPLIST_FILE = YES;
				IPHONEOS_DEPLOYMENT_TARGET = 17.4;
				MARKETING_VERSION = 1.0;
				PRODUCT_BUNDLE_IDENTIFIER = com.melnelen.PopcornSwirlTests;
				PRODUCT_NAME = "$(TARGET_NAME)";
				SWIFT_EMIT_LOC_STRINGS = NO;
				SWIFT_VERSION = 5.0;
				TARGETED_DEVICE_FAMILY = "1,2";
				TEST_HOST = "$(BUILT_PRODUCTS_DIR)/PopcornSwirl.app/$(BUNDLE_EXECUTABLE_FOLDER_PATH)/PopcornSwirl";
			};
			name = Debug;
		};
		194F79042BE97DCE004ABCA0 /* Release */ = {
			isa = XCBuildConfiguration;
			buildSettings = {
				ALWAYS_EMBED_SWIFT_STANDARD_LIBRARIES = YES;
				BUNDLE_LOADER = "$(TEST_HOST)";
				CODE_SIGN_STYLE = Automatic;
				CURRENT_PROJECT_VERSION = 1;
				DEVELOPMENT_TEAM = 6WAA8E6R87;
				GENERATE_INFOPLIST_FILE = YES;
				IPHONEOS_DEPLOYMENT_TARGET = 17.4;
				MARKETING_VERSION = 1.0;
				PRODUCT_BUNDLE_IDENTIFIER = com.melnelen.PopcornSwirlTests;
				PRODUCT_NAME = "$(TARGET_NAME)";
				SWIFT_EMIT_LOC_STRINGS = NO;
				SWIFT_VERSION = 5.0;
				TARGETED_DEVICE_FAMILY = "1,2";
				TEST_HOST = "$(BUILT_PRODUCTS_DIR)/PopcornSwirl.app/$(BUNDLE_EXECUTABLE_FOLDER_PATH)/PopcornSwirl";
			};
			name = Release;
		};
		194F79062BE97DCE004ABCA0 /* Debug */ = {
			isa = XCBuildConfiguration;
			buildSettings = {
				ALWAYS_EMBED_SWIFT_STANDARD_LIBRARIES = YES;
				CODE_SIGN_STYLE = Automatic;
				CURRENT_PROJECT_VERSION = 1;
				DEVELOPMENT_TEAM = 6WAA8E6R87;
				GENERATE_INFOPLIST_FILE = YES;
				MARKETING_VERSION = 1.0;
				PRODUCT_BUNDLE_IDENTIFIER = com.melnelen.PopcornSwirlUITests;
				PRODUCT_NAME = "$(TARGET_NAME)";
				SWIFT_EMIT_LOC_STRINGS = NO;
				SWIFT_VERSION = 5.0;
				TARGETED_DEVICE_FAMILY = "1,2";
				TEST_TARGET_NAME = PopcornSwirl;
			};
			name = Debug;
		};
		194F79072BE97DCE004ABCA0 /* Release */ = {
			isa = XCBuildConfiguration;
			buildSettings = {
				ALWAYS_EMBED_SWIFT_STANDARD_LIBRARIES = YES;
				CODE_SIGN_STYLE = Automatic;
				CURRENT_PROJECT_VERSION = 1;
				DEVELOPMENT_TEAM = 6WAA8E6R87;
				GENERATE_INFOPLIST_FILE = YES;
				MARKETING_VERSION = 1.0;
				PRODUCT_BUNDLE_IDENTIFIER = com.melnelen.PopcornSwirlUITests;
				PRODUCT_NAME = "$(TARGET_NAME)";
				SWIFT_EMIT_LOC_STRINGS = NO;
				SWIFT_VERSION = 5.0;
				TARGETED_DEVICE_FAMILY = "1,2";
				TEST_TARGET_NAME = PopcornSwirl;
			};
			name = Release;
		};
/* End XCBuildConfiguration section */

/* Begin XCConfigurationList section */
		194F78D42BE97DCA004ABCA0 /* Build configuration list for PBXProject "PopcornSwirl" */ = {
			isa = XCConfigurationList;
			buildConfigurations = (
				194F78FD2BE97DCE004ABCA0 /* Debug */,
				194F78FE2BE97DCE004ABCA0 /* Release */,
			);
			defaultConfigurationIsVisible = 0;
			defaultConfigurationName = Release;
		};
		194F78FF2BE97DCE004ABCA0 /* Build configuration list for PBXNativeTarget "PopcornSwirl" */ = {
			isa = XCConfigurationList;
			buildConfigurations = (
				194F79002BE97DCE004ABCA0 /* Debug */,
				194F79012BE97DCE004ABCA0 /* Release */,
			);
			defaultConfigurationIsVisible = 0;
			defaultConfigurationName = Release;
		};
		194F79022BE97DCE004ABCA0 /* Build configuration list for PBXNativeTarget "PopcornSwirlTests" */ = {
			isa = XCConfigurationList;
			buildConfigurations = (
				194F79032BE97DCE004ABCA0 /* Debug */,
				194F79042BE97DCE004ABCA0 /* Release */,
			);
			defaultConfigurationIsVisible = 0;
			defaultConfigurationName = Release;
		};
		194F79052BE97DCE004ABCA0 /* Build configuration list for PBXNativeTarget "PopcornSwirlUITests" */ = {
			isa = XCConfigurationList;
			buildConfigurations = (
				194F79062BE97DCE004ABCA0 /* Debug */,
				194F79072BE97DCE004ABCA0 /* Release */,
			);
			defaultConfigurationIsVisible = 0;
			defaultConfigurationName = Release;
		};
/* End XCConfigurationList section */
	};
	rootObject = 194F78D12BE97DCA004ABCA0 /* Project object */;
}
